// !$*UTF8*$!
{
	archiveVersion = 1;
	classes = {
	};
	objectVersion = 51;
	objects = {

/* Begin PBXBuildFile section */
		262F657FC0B81182FDE4E79C /* Pods_Location.framework in Frameworks */ = {isa = PBXBuildFile; fileRef = C1FC60070D075016AF28C485 /* Pods_Location.framework */; };
		515511D524450E0500CC30E9 /* AppDelegate.swift in Sources */ = {isa = PBXBuildFile; fileRef = 515511D424450E0500CC30E9 /* AppDelegate.swift */; };
		515511D724450E0500CC30E9 /* SceneDelegate.swift in Sources */ = {isa = PBXBuildFile; fileRef = 515511D624450E0500CC30E9 /* SceneDelegate.swift */; };
		515511D924450E0500CC30E9 /* ViewController.swift in Sources */ = {isa = PBXBuildFile; fileRef = 515511D824450E0500CC30E9 /* ViewController.swift */; };
		515511DC24450E0500CC30E9 /* Main.storyboard in Resources */ = {isa = PBXBuildFile; fileRef = 515511DA24450E0500CC30E9 /* Main.storyboard */; };
		515511DE24450E0600CC30E9 /* Assets.xcassets in Resources */ = {isa = PBXBuildFile; fileRef = 515511DD24450E0600CC30E9 /* Assets.xcassets */; };
		515511E124450E0600CC30E9 /* LaunchScreen.storyboard in Resources */ = {isa = PBXBuildFile; fileRef = 515511DF24450E0600CC30E9 /* LaunchScreen.storyboard */; };
		515511EC24450E0600CC30E9 /* LocationTests.swift in Sources */ = {isa = PBXBuildFile; fileRef = 515511EB24450E0600CC30E9 /* LocationTests.swift */; };
		515511F724450E0600CC30E9 /* LocationUITests.swift in Sources */ = {isa = PBXBuildFile; fileRef = 515511F624450E0600CC30E9 /* LocationUITests.swift */; };
		5155120524450E3400CC30E9 /* LocationHelper.swift in Sources */ = {isa = PBXBuildFile; fileRef = 5155120424450E3400CC30E9 /* LocationHelper.swift */; };
		515512072445900D00CC30E9 /* BaseViewController.swift in Sources */ = {isa = PBXBuildFile; fileRef = 515512062445900D00CC30E9 /* BaseViewController.swift */; };
		515512092445B41F00CC30E9 /* CardView.swift in Sources */ = {isa = PBXBuildFile; fileRef = 515512082445B41F00CC30E9 /* CardView.swift */; };
		5155120B2445B87200CC30E9 /* PaddingLabel.swift in Sources */ = {isa = PBXBuildFile; fileRef = 5155120A2445B87200CC30E9 /* PaddingLabel.swift */; };
		F523B20F82D461C0F6260B79 /* Pods_Location_LocationUITests.framework in Frameworks */ = {isa = PBXBuildFile; fileRef = 242946617E2C017BD18334B2 /* Pods_Location_LocationUITests.framework */; };
		F77E460EC779AD9ED5ECD097 /* Pods_LocationTests.framework in Frameworks */ = {isa = PBXBuildFile; fileRef = 4E82D142451CDAE90ED45376 /* Pods_LocationTests.framework */; };
/* End PBXBuildFile section */

/* Begin PBXContainerItemProxy section */
		515511E824450E0600CC30E9 /* PBXContainerItemProxy */ = {
			isa = PBXContainerItemProxy;
			containerPortal = 515511C924450E0500CC30E9 /* Project object */;
			proxyType = 1;
			remoteGlobalIDString = 515511D024450E0500CC30E9;
			remoteInfo = Location;
		};
		515511F324450E0600CC30E9 /* PBXContainerItemProxy */ = {
			isa = PBXContainerItemProxy;
			containerPortal = 515511C924450E0500CC30E9 /* Project object */;
			proxyType = 1;
			remoteGlobalIDString = 515511D024450E0500CC30E9;
			remoteInfo = Location;
		};
/* End PBXContainerItemProxy section */

/* Begin PBXFileReference section */
		1078CFACC64E86F1891B8866 /* Pods-Location-LocationUITests.debug.xcconfig */ = {isa = PBXFileReference; includeInIndex = 1; lastKnownFileType = text.xcconfig; name = "Pods-Location-LocationUITests.debug.xcconfig"; path = "Target Support Files/Pods-Location-LocationUITests/Pods-Location-LocationUITests.debug.xcconfig"; sourceTree = "<group>"; };
		242946617E2C017BD18334B2 /* Pods_Location_LocationUITests.framework */ = {isa = PBXFileReference; explicitFileType = wrapper.framework; includeInIndex = 0; path = Pods_Location_LocationUITests.framework; sourceTree = BUILT_PRODUCTS_DIR; };
		2C87EB2887507F9CD9552EB9 /* Pods-Location.debug.xcconfig */ = {isa = PBXFileReference; includeInIndex = 1; lastKnownFileType = text.xcconfig; name = "Pods-Location.debug.xcconfig"; path = "Target Support Files/Pods-Location/Pods-Location.debug.xcconfig"; sourceTree = "<group>"; };
		2F957568562477C38498A6A7 /* Pods-LocationTests.debug.xcconfig */ = {isa = PBXFileReference; includeInIndex = 1; lastKnownFileType = text.xcconfig; name = "Pods-LocationTests.debug.xcconfig"; path = "Target Support Files/Pods-LocationTests/Pods-LocationTests.debug.xcconfig"; sourceTree = "<group>"; };
		4E82D142451CDAE90ED45376 /* Pods_LocationTests.framework */ = {isa = PBXFileReference; explicitFileType = wrapper.framework; includeInIndex = 0; path = Pods_LocationTests.framework; sourceTree = BUILT_PRODUCTS_DIR; };
		515511D124450E0500CC30E9 /* Location.app */ = {isa = PBXFileReference; explicitFileType = wrapper.application; includeInIndex = 0; path = Location.app; sourceTree = BUILT_PRODUCTS_DIR; };
		515511D424450E0500CC30E9 /* AppDelegate.swift */ = {isa = PBXFileReference; lastKnownFileType = sourcecode.swift; path = AppDelegate.swift; sourceTree = "<group>"; };
		515511D624450E0500CC30E9 /* SceneDelegate.swift */ = {isa = PBXFileReference; lastKnownFileType = sourcecode.swift; path = SceneDelegate.swift; sourceTree = "<group>"; };
		515511D824450E0500CC30E9 /* ViewController.swift */ = {isa = PBXFileReference; lastKnownFileType = sourcecode.swift; path = ViewController.swift; sourceTree = "<group>"; };
		515511DB24450E0500CC30E9 /* Base */ = {isa = PBXFileReference; lastKnownFileType = file.storyboard; name = Base; path = Base.lproj/Main.storyboard; sourceTree = "<group>"; };
		515511DD24450E0600CC30E9 /* Assets.xcassets */ = {isa = PBXFileReference; lastKnownFileType = folder.assetcatalog; path = Assets.xcassets; sourceTree = "<group>"; };
		515511E024450E0600CC30E9 /* Base */ = {isa = PBXFileReference; lastKnownFileType = file.storyboard; name = Base; path = Base.lproj/LaunchScreen.storyboard; sourceTree = "<group>"; };
		515511E224450E0600CC30E9 /* Info.plist */ = {isa = PBXFileReference; lastKnownFileType = text.plist.xml; path = Info.plist; sourceTree = "<group>"; };
		515511E724450E0600CC30E9 /* LocationTests.xctest */ = {isa = PBXFileReference; explicitFileType = wrapper.cfbundle; includeInIndex = 0; path = LocationTests.xctest; sourceTree = BUILT_PRODUCTS_DIR; };
		515511EB24450E0600CC30E9 /* LocationTests.swift */ = {isa = PBXFileReference; lastKnownFileType = sourcecode.swift; path = LocationTests.swift; sourceTree = "<group>"; };
		515511ED24450E0600CC30E9 /* Info.plist */ = {isa = PBXFileReference; lastKnownFileType = text.plist.xml; path = Info.plist; sourceTree = "<group>"; };
		515511F224450E0600CC30E9 /* LocationUITests.xctest */ = {isa = PBXFileReference; explicitFileType = wrapper.cfbundle; includeInIndex = 0; path = LocationUITests.xctest; sourceTree = BUILT_PRODUCTS_DIR; };
		515511F624450E0600CC30E9 /* LocationUITests.swift */ = {isa = PBXFileReference; lastKnownFileType = sourcecode.swift; path = LocationUITests.swift; sourceTree = "<group>"; };
		515511F824450E0600CC30E9 /* Info.plist */ = {isa = PBXFileReference; lastKnownFileType = text.plist.xml; path = Info.plist; sourceTree = "<group>"; };
		5155120424450E3400CC30E9 /* LocationHelper.swift */ = {isa = PBXFileReference; lastKnownFileType = sourcecode.swift; path = LocationHelper.swift; sourceTree = "<group>"; };
		515512062445900D00CC30E9 /* BaseViewController.swift */ = {isa = PBXFileReference; lastKnownFileType = sourcecode.swift; path = BaseViewController.swift; sourceTree = "<group>"; };
		515512082445B41F00CC30E9 /* CardView.swift */ = {isa = PBXFileReference; lastKnownFileType = sourcecode.swift; path = CardView.swift; sourceTree = "<group>"; };
		5155120A2445B87200CC30E9 /* PaddingLabel.swift */ = {isa = PBXFileReference; lastKnownFileType = sourcecode.swift; path = PaddingLabel.swift; sourceTree = "<group>"; };
		60F2BED7014D8B0070E76A33 /* Pods-Location-LocationUITests.release.xcconfig */ = {isa = PBXFileReference; includeInIndex = 1; lastKnownFileType = text.xcconfig; name = "Pods-Location-LocationUITests.release.xcconfig"; path = "Target Support Files/Pods-Location-LocationUITests/Pods-Location-LocationUITests.release.xcconfig"; sourceTree = "<group>"; };
		679649FD9AC71A16FEA9AD4B /* Pods-LocationTests.release.xcconfig */ = {isa = PBXFileReference; includeInIndex = 1; lastKnownFileType = text.xcconfig; name = "Pods-LocationTests.release.xcconfig"; path = "Target Support Files/Pods-LocationTests/Pods-LocationTests.release.xcconfig"; sourceTree = "<group>"; };
		684D2A7ECFE53143E238C7F3 /* Pods-Location.release.xcconfig */ = {isa = PBXFileReference; includeInIndex = 1; lastKnownFileType = text.xcconfig; name = "Pods-Location.release.xcconfig"; path = "Target Support Files/Pods-Location/Pods-Location.release.xcconfig"; sourceTree = "<group>"; };
		C1FC60070D075016AF28C485 /* Pods_Location.framework */ = {isa = PBXFileReference; explicitFileType = wrapper.framework; includeInIndex = 0; path = Pods_Location.framework; sourceTree = BUILT_PRODUCTS_DIR; };
/* End PBXFileReference section */

/* Begin PBXFrameworksBuildPhase section */
		515511CE24450E0500CC30E9 /* Frameworks */ = {
			isa = PBXFrameworksBuildPhase;
			buildActionMask = 2147483647;
			files = (
				262F657FC0B81182FDE4E79C /* Pods_Location.framework in Frameworks */,
			);
			runOnlyForDeploymentPostprocessing = 0;
		};
		515511E424450E0600CC30E9 /* Frameworks */ = {
			isa = PBXFrameworksBuildPhase;
			buildActionMask = 2147483647;
			files = (
				F77E460EC779AD9ED5ECD097 /* Pods_LocationTests.framework in Frameworks */,
			);
			runOnlyForDeploymentPostprocessing = 0;
		};
		515511EF24450E0600CC30E9 /* Frameworks */ = {
			isa = PBXFrameworksBuildPhase;
			buildActionMask = 2147483647;
			files = (
				F523B20F82D461C0F6260B79 /* Pods_Location_LocationUITests.framework in Frameworks */,
			);
			runOnlyForDeploymentPostprocessing = 0;
		};
/* End PBXFrameworksBuildPhase section */

/* Begin PBXGroup section */
		515511C824450E0500CC30E9 = {
			isa = PBXGroup;
			children = (
				515511D324450E0500CC30E9 /* Location */,
				515511EA24450E0600CC30E9 /* LocationTests */,
				515511F524450E0600CC30E9 /* LocationUITests */,
				515511D224450E0500CC30E9 /* Products */,
				77A6AB97632510BF756D23A0 /* Pods */,
				C480F85CDEF7A33E7514A39E /* Frameworks */,
			);
			sourceTree = "<group>";
		};
		515511D224450E0500CC30E9 /* Products */ = {
			isa = PBXGroup;
			children = (
				515511D124450E0500CC30E9 /* Location.app */,
				515511E724450E0600CC30E9 /* LocationTests.xctest */,
				515511F224450E0600CC30E9 /* LocationUITests.xctest */,
			);
			name = Products;
			sourceTree = "<group>";
		};
		515511D324450E0500CC30E9 /* Location */ = {
			isa = PBXGroup;
			children = (
				515511D424450E0500CC30E9 /* AppDelegate.swift */,
				5155120424450E3400CC30E9 /* LocationHelper.swift */,
				515511D624450E0500CC30E9 /* SceneDelegate.swift */,
				515512082445B41F00CC30E9 /* CardView.swift */,
				5155120A2445B87200CC30E9 /* PaddingLabel.swift */,
				515511D824450E0500CC30E9 /* ViewController.swift */,
				515511DA24450E0500CC30E9 /* Main.storyboard */,
				515512062445900D00CC30E9 /* BaseViewController.swift */,
				515511DD24450E0600CC30E9 /* Assets.xcassets */,
				515511DF24450E0600CC30E9 /* LaunchScreen.storyboard */,
				515511E224450E0600CC30E9 /* Info.plist */,
			);
			path = Location;
			sourceTree = "<group>";
		};
		515511EA24450E0600CC30E9 /* LocationTests */ = {
			isa = PBXGroup;
			children = (
				515511EB24450E0600CC30E9 /* LocationTests.swift */,
				515511ED24450E0600CC30E9 /* Info.plist */,
			);
			path = LocationTests;
			sourceTree = "<group>";
		};
		515511F524450E0600CC30E9 /* LocationUITests */ = {
			isa = PBXGroup;
			children = (
				515511F624450E0600CC30E9 /* LocationUITests.swift */,
				515511F824450E0600CC30E9 /* Info.plist */,
			);
			path = LocationUITests;
			sourceTree = "<group>";
		};
		77A6AB97632510BF756D23A0 /* Pods */ = {
			isa = PBXGroup;
			children = (
				2C87EB2887507F9CD9552EB9 /* Pods-Location.debug.xcconfig */,
				684D2A7ECFE53143E238C7F3 /* Pods-Location.release.xcconfig */,
				1078CFACC64E86F1891B8866 /* Pods-Location-LocationUITests.debug.xcconfig */,
				60F2BED7014D8B0070E76A33 /* Pods-Location-LocationUITests.release.xcconfig */,
				2F957568562477C38498A6A7 /* Pods-LocationTests.debug.xcconfig */,
				679649FD9AC71A16FEA9AD4B /* Pods-LocationTests.release.xcconfig */,
			);
			path = Pods;
			sourceTree = "<group>";
		};
		C480F85CDEF7A33E7514A39E /* Frameworks */ = {
			isa = PBXGroup;
			children = (
				C1FC60070D075016AF28C485 /* Pods_Location.framework */,
				242946617E2C017BD18334B2 /* Pods_Location_LocationUITests.framework */,
				4E82D142451CDAE90ED45376 /* Pods_LocationTests.framework */,
			);
			name = Frameworks;
			sourceTree = "<group>";
		};
/* End PBXGroup section */

/* Begin PBXNativeTarget section */
		515511D024450E0500CC30E9 /* Location */ = {
			isa = PBXNativeTarget;
			buildConfigurationList = 515511FB24450E0600CC30E9 /* Build configuration list for PBXNativeTarget "Location" */;
			buildPhases = (
				50F333ABBA79D9216B074975 /* [CP] Check Pods Manifest.lock */,
				515511CD24450E0500CC30E9 /* Sources */,
				515511CE24450E0500CC30E9 /* Frameworks */,
				515511CF24450E0500CC30E9 /* Resources */,
				D64CC89AEB38608F2FA1D020 /* [CP] Copy Pods Resources */,
			);
			buildRules = (
			);
			dependencies = (
			);
			name = Location;
			productName = Location;
			productReference = 515511D124450E0500CC30E9 /* Location.app */;
			productType = "com.apple.product-type.application";
		};
		515511E624450E0600CC30E9 /* LocationTests */ = {
			isa = PBXNativeTarget;
			buildConfigurationList = 515511FE24450E0600CC30E9 /* Build configuration list for PBXNativeTarget "LocationTests" */;
			buildPhases = (
				C223A48C430593EDB36FB5C9 /* [CP] Check Pods Manifest.lock */,
				515511E324450E0600CC30E9 /* Sources */,
				515511E424450E0600CC30E9 /* Frameworks */,
				515511E524450E0600CC30E9 /* Resources */,
			);
			buildRules = (
			);
			dependencies = (
				515511E924450E0600CC30E9 /* PBXTargetDependency */,
			);
			name = LocationTests;
			productName = LocationTests;
			productReference = 515511E724450E0600CC30E9 /* LocationTests.xctest */;
			productType = "com.apple.product-type.bundle.unit-test";
		};
		515511F124450E0600CC30E9 /* LocationUITests */ = {
			isa = PBXNativeTarget;
			buildConfigurationList = 5155120124450E0600CC30E9 /* Build configuration list for PBXNativeTarget "LocationUITests" */;
			buildPhases = (
				89F3E0581F1C50079FB53EDF /* [CP] Check Pods Manifest.lock */,
				515511EE24450E0600CC30E9 /* Sources */,
				515511EF24450E0600CC30E9 /* Frameworks */,
				515511F024450E0600CC30E9 /* Resources */,
				8223F7D21C1362BAEDB97870 /* [CP] Copy Pods Resources */,
			);
			buildRules = (
			);
			dependencies = (
				515511F424450E0600CC30E9 /* PBXTargetDependency */,
			);
			name = LocationUITests;
			productName = LocationUITests;
			productReference = 515511F224450E0600CC30E9 /* LocationUITests.xctest */;
			productType = "com.apple.product-type.bundle.ui-testing";
		};
/* End PBXNativeTarget section */

/* Begin PBXProject section */
		515511C924450E0500CC30E9 /* Project object */ = {
			isa = PBXProject;
			attributes = {
				LastSwiftUpdateCheck = 1140;
				LastUpgradeCheck = 1140;
				ORGANIZATIONNAME = "Vibhor Chaudhary";
				TargetAttributes = {
					515511D024450E0500CC30E9 = {
						CreatedOnToolsVersion = 11.4;
					};
					515511E624450E0600CC30E9 = {
						CreatedOnToolsVersion = 11.4;
						TestTargetID = 515511D024450E0500CC30E9;
					};
					515511F124450E0600CC30E9 = {
						CreatedOnToolsVersion = 11.4;
						TestTargetID = 515511D024450E0500CC30E9;
					};
				};
			};
			buildConfigurationList = 515511CC24450E0500CC30E9 /* Build configuration list for PBXProject "Location" */;
			compatibilityVersion = "Xcode 9.3";
			developmentRegion = en;
			hasScannedForEncodings = 0;
			knownRegions = (
				en,
				Base,
			);
			mainGroup = 515511C824450E0500CC30E9;
			productRefGroup = 515511D224450E0500CC30E9 /* Products */;
			projectDirPath = "";
			projectRoot = "";
			targets = (
				515511D024450E0500CC30E9 /* Location */,
				515511E624450E0600CC30E9 /* LocationTests */,
				515511F124450E0600CC30E9 /* LocationUITests */,
			);
		};
/* End PBXProject section */

/* Begin PBXResourcesBuildPhase section */
		515511CF24450E0500CC30E9 /* Resources */ = {
			isa = PBXResourcesBuildPhase;
			buildActionMask = 2147483647;
			files = (
				515511E124450E0600CC30E9 /* LaunchScreen.storyboard in Resources */,
				515511DE24450E0600CC30E9 /* Assets.xcassets in Resources */,
				515511DC24450E0500CC30E9 /* Main.storyboard in Resources */,
			);
			runOnlyForDeploymentPostprocessing = 0;
		};
		515511E524450E0600CC30E9 /* Resources */ = {
			isa = PBXResourcesBuildPhase;
			buildActionMask = 2147483647;
			files = (
			);
			runOnlyForDeploymentPostprocessing = 0;
		};
		515511F024450E0600CC30E9 /* Resources */ = {
			isa = PBXResourcesBuildPhase;
			buildActionMask = 2147483647;
			files = (
			);
			runOnlyForDeploymentPostprocessing = 0;
		};
/* End PBXResourcesBuildPhase section */

/* Begin PBXShellScriptBuildPhase section */
		50F333ABBA79D9216B074975 /* [CP] Check Pods Manifest.lock */ = {
			isa = PBXShellScriptBuildPhase;
			buildActionMask = 2147483647;
			files = (
			);
			inputFileListPaths = (
			);
			inputPaths = (
				"${PODS_PODFILE_DIR_PATH}/Podfile.lock",
				"${PODS_ROOT}/Manifest.lock",
			);
			name = "[CP] Check Pods Manifest.lock";
			outputFileListPaths = (
			);
			outputPaths = (
				"$(DERIVED_FILE_DIR)/Pods-Location-checkManifestLockResult.txt",
			);
			runOnlyForDeploymentPostprocessing = 0;
			shellPath = /bin/sh;
			shellScript = "diff \"${PODS_PODFILE_DIR_PATH}/Podfile.lock\" \"${PODS_ROOT}/Manifest.lock\" > /dev/null\nif [ $? != 0 ] ; then\n    # print error to STDERR\n    echo \"error: The sandbox is not in sync with the Podfile.lock. Run 'pod install' or update your CocoaPods installation.\" >&2\n    exit 1\nfi\n# This output is used by Xcode 'outputs' to avoid re-running this script phase.\necho \"SUCCESS\" > \"${SCRIPT_OUTPUT_FILE_0}\"\n";
			showEnvVarsInLog = 0;
		};
		8223F7D21C1362BAEDB97870 /* [CP] Copy Pods Resources */ = {
			isa = PBXShellScriptBuildPhase;
			buildActionMask = 2147483647;
			files = (
			);
			inputFileListPaths = (
				"${PODS_ROOT}/Target Support Files/Pods-Location-LocationUITests/Pods-Location-LocationUITests-resources-${CONFIGURATION}-input-files.xcfilelist",
			);
			name = "[CP] Copy Pods Resources";
			outputFileListPaths = (
				"${PODS_ROOT}/Target Support Files/Pods-Location-LocationUITests/Pods-Location-LocationUITests-resources-${CONFIGURATION}-output-files.xcfilelist",
			);
			runOnlyForDeploymentPostprocessing = 0;
			shellPath = /bin/sh;
			shellScript = "\"${PODS_ROOT}/Target Support Files/Pods-Location-LocationUITests/Pods-Location-LocationUITests-resources.sh\"\n";
			showEnvVarsInLog = 0;
		};
		89F3E0581F1C50079FB53EDF /* [CP] Check Pods Manifest.lock */ = {
			isa = PBXShellScriptBuildPhase;
			buildActionMask = 2147483647;
			files = (
			);
			inputFileListPaths = (
			);
			inputPaths = (
				"${PODS_PODFILE_DIR_PATH}/Podfile.lock",
				"${PODS_ROOT}/Manifest.lock",
			);
			name = "[CP] Check Pods Manifest.lock";
			outputFileListPaths = (
			);
			outputPaths = (
				"$(DERIVED_FILE_DIR)/Pods-Location-LocationUITests-checkManifestLockResult.txt",
			);
			runOnlyForDeploymentPostprocessing = 0;
			shellPath = /bin/sh;
			shellScript = "diff \"${PODS_PODFILE_DIR_PATH}/Podfile.lock\" \"${PODS_ROOT}/Manifest.lock\" > /dev/null\nif [ $? != 0 ] ; then\n    # print error to STDERR\n    echo \"error: The sandbox is not in sync with the Podfile.lock. Run 'pod install' or update your CocoaPods installation.\" >&2\n    exit 1\nfi\n# This output is used by Xcode 'outputs' to avoid re-running this script phase.\necho \"SUCCESS\" > \"${SCRIPT_OUTPUT_FILE_0}\"\n";
			showEnvVarsInLog = 0;
		};
		C223A48C430593EDB36FB5C9 /* [CP] Check Pods Manifest.lock */ = {
			isa = PBXShellScriptBuildPhase;
			buildActionMask = 2147483647;
			files = (
			);
			inputFileListPaths = (
			);
			inputPaths = (
				"${PODS_PODFILE_DIR_PATH}/Podfile.lock",
				"${PODS_ROOT}/Manifest.lock",
			);
			name = "[CP] Check Pods Manifest.lock";
			outputFileListPaths = (
			);
			outputPaths = (
				"$(DERIVED_FILE_DIR)/Pods-LocationTests-checkManifestLockResult.txt",
			);
			runOnlyForDeploymentPostprocessing = 0;
			shellPath = /bin/sh;
			shellScript = "diff \"${PODS_PODFILE_DIR_PATH}/Podfile.lock\" \"${PODS_ROOT}/Manifest.lock\" > /dev/null\nif [ $? != 0 ] ; then\n    # print error to STDERR\n    echo \"error: The sandbox is not in sync with the Podfile.lock. Run 'pod install' or update your CocoaPods installation.\" >&2\n    exit 1\nfi\n# This output is used by Xcode 'outputs' to avoid re-running this script phase.\necho \"SUCCESS\" > \"${SCRIPT_OUTPUT_FILE_0}\"\n";
			showEnvVarsInLog = 0;
		};
		D64CC89AEB38608F2FA1D020 /* [CP] Copy Pods Resources */ = {
			isa = PBXShellScriptBuildPhase;
			buildActionMask = 2147483647;
			files = (
			);
			inputFileListPaths = (
				"${PODS_ROOT}/Target Support Files/Pods-Location/Pods-Location-resources-${CONFIGURATION}-input-files.xcfilelist",
			);
			name = "[CP] Copy Pods Resources";
			outputFileListPaths = (
				"${PODS_ROOT}/Target Support Files/Pods-Location/Pods-Location-resources-${CONFIGURATION}-output-files.xcfilelist",
			);
			runOnlyForDeploymentPostprocessing = 0;
			shellPath = /bin/sh;
			shellScript = "\"${PODS_ROOT}/Target Support Files/Pods-Location/Pods-Location-resources.sh\"\n";
			showEnvVarsInLog = 0;
		};
/* End PBXShellScriptBuildPhase section */

/* Begin PBXSourcesBuildPhase section */
		515511CD24450E0500CC30E9 /* Sources */ = {
			isa = PBXSourcesBuildPhase;
			buildActionMask = 2147483647;
			files = (
				515512072445900D00CC30E9 /* BaseViewController.swift in Sources */,
				5155120B2445B87200CC30E9 /* PaddingLabel.swift in Sources */,
				5155120524450E3400CC30E9 /* LocationHelper.swift in Sources */,
				515511D924450E0500CC30E9 /* ViewController.swift in Sources */,
				515511D524450E0500CC30E9 /* AppDelegate.swift in Sources */,
				515512092445B41F00CC30E9 /* CardView.swift in Sources */,
				515511D724450E0500CC30E9 /* SceneDelegate.swift in Sources */,
			);
			runOnlyForDeploymentPostprocessing = 0;
		};
		515511E324450E0600CC30E9 /* Sources */ = {
			isa = PBXSourcesBuildPhase;
			buildActionMask = 2147483647;
			files = (
				515511EC24450E0600CC30E9 /* LocationTests.swift in Sources */,
			);
			runOnlyForDeploymentPostprocessing = 0;
		};
		515511EE24450E0600CC30E9 /* Sources */ = {
			isa = PBXSourcesBuildPhase;
			buildActionMask = 2147483647;
			files = (
				515511F724450E0600CC30E9 /* LocationUITests.swift in Sources */,
			);
			runOnlyForDeploymentPostprocessing = 0;
		};
/* End PBXSourcesBuildPhase section */

/* Begin PBXTargetDependency section */
		515511E924450E0600CC30E9 /* PBXTargetDependency */ = {
			isa = PBXTargetDependency;
			target = 515511D024450E0500CC30E9 /* Location */;
			targetProxy = 515511E824450E0600CC30E9 /* PBXContainerItemProxy */;
		};
		515511F424450E0600CC30E9 /* PBXTargetDependency */ = {
			isa = PBXTargetDependency;
			target = 515511D024450E0500CC30E9 /* Location */;
			targetProxy = 515511F324450E0600CC30E9 /* PBXContainerItemProxy */;
		};
/* End PBXTargetDependency section */

/* Begin PBXVariantGroup section */
		515511DA24450E0500CC30E9 /* Main.storyboard */ = {
			isa = PBXVariantGroup;
			children = (
				515511DB24450E0500CC30E9 /* Base */,
			);
			name = Main.storyboard;
			sourceTree = "<group>";
		};
		515511DF24450E0600CC30E9 /* LaunchScreen.storyboard */ = {
			isa = PBXVariantGroup;
			children = (
				515511E024450E0600CC30E9 /* Base */,
			);
			name = LaunchScreen.storyboard;
			sourceTree = "<group>";
		};
/* End PBXVariantGroup section */

/* Begin XCBuildConfiguration section */
		515511F924450E0600CC30E9 /* Debug */ = {
			isa = XCBuildConfiguration;
			buildSettings = {
				ALWAYS_SEARCH_USER_PATHS = NO;
				CLANG_ANALYZER_NONNULL = YES;
				CLANG_ANALYZER_NUMBER_OBJECT_CONVERSION = YES_AGGRESSIVE;
				CLANG_CXX_LANGUAGE_STANDARD = "gnu++14";
				CLANG_CXX_LIBRARY = "libc++";
				CLANG_ENABLE_MODULES = YES;
				CLANG_ENABLE_OBJC_ARC = YES;
				CLANG_ENABLE_OBJC_WEAK = YES;
				CLANG_WARN_BLOCK_CAPTURE_AUTORELEASING = YES;
				CLANG_WARN_BOOL_CONVERSION = YES;
				CLANG_WARN_COMMA = YES;
				CLANG_WARN_CONSTANT_CONVERSION = YES;
				CLANG_WARN_DEPRECATED_OBJC_IMPLEMENTATIONS = YES;
				CLANG_WARN_DIRECT_OBJC_ISA_USAGE = YES_ERROR;
				CLANG_WARN_DOCUMENTATION_COMMENTS = YES;
				CLANG_WARN_EMPTY_BODY = YES;
				CLANG_WARN_ENUM_CONVERSION = YES;
				CLANG_WARN_INFINITE_RECURSION = YES;
				CLANG_WARN_INT_CONVERSION = YES;
				CLANG_WARN_NON_LITERAL_NULL_CONVERSION = YES;
				CLANG_WARN_OBJC_IMPLICIT_RETAIN_SELF = YES;
				CLANG_WARN_OBJC_LITERAL_CONVERSION = YES;
				CLANG_WARN_OBJC_ROOT_CLASS = YES_ERROR;
				CLANG_WARN_RANGE_LOOP_ANALYSIS = YES;
				CLANG_WARN_STRICT_PROTOTYPES = YES;
				CLANG_WARN_SUSPICIOUS_MOVE = YES;
				CLANG_WARN_UNGUARDED_AVAILABILITY = YES_AGGRESSIVE;
				CLANG_WARN_UNREACHABLE_CODE = YES;
				CLANG_WARN__DUPLICATE_METHOD_MATCH = YES;
				COPY_PHASE_STRIP = NO;
				DEBUG_INFORMATION_FORMAT = dwarf;
				ENABLE_STRICT_OBJC_MSGSEND = YES;
				ENABLE_TESTABILITY = YES;
				GCC_C_LANGUAGE_STANDARD = gnu11;
				GCC_DYNAMIC_NO_PIC = NO;
				GCC_NO_COMMON_BLOCKS = YES;
				GCC_OPTIMIZATION_LEVEL = 0;
				GCC_PREPROCESSOR_DEFINITIONS = (
					"DEBUG=1",
					"$(inherited)",
				);
				GCC_WARN_64_TO_32_BIT_CONVERSION = YES;
				GCC_WARN_ABOUT_RETURN_TYPE = YES_ERROR;
				GCC_WARN_UNDECLARED_SELECTOR = YES;
				GCC_WARN_UNINITIALIZED_AUTOS = YES_AGGRESSIVE;
				GCC_WARN_UNUSED_FUNCTION = YES;
				GCC_WARN_UNUSED_VARIABLE = YES;
				IPHONEOS_DEPLOYMENT_TARGET = 13.4;
				MTL_ENABLE_DEBUG_INFO = INCLUDE_SOURCE;
				MTL_FAST_MATH = YES;
				ONLY_ACTIVE_ARCH = YES;
				SDKROOT = iphoneos;
				SWIFT_ACTIVE_COMPILATION_CONDITIONS = DEBUG;
				SWIFT_OPTIMIZATION_LEVEL = "-Onone";
			};
			name = Debug;
		};
		515511FA24450E0600CC30E9 /* Release */ = {
			isa = XCBuildConfiguration;
			buildSettings = {
				ALWAYS_SEARCH_USER_PATHS = NO;
				CLANG_ANALYZER_NONNULL = YES;
				CLANG_ANALYZER_NUMBER_OBJECT_CONVERSION = YES_AGGRESSIVE;
				CLANG_CXX_LANGUAGE_STANDARD = "gnu++14";
				CLANG_CXX_LIBRARY = "libc++";
				CLANG_ENABLE_MODULES = YES;
				CLANG_ENABLE_OBJC_ARC = YES;
				CLANG_ENABLE_OBJC_WEAK = YES;
				CLANG_WARN_BLOCK_CAPTURE_AUTORELEASING = YES;
				CLANG_WARN_BOOL_CONVERSION = YES;
				CLANG_WARN_COMMA = YES;
				CLANG_WARN_CONSTANT_CONVERSION = YES;
				CLANG_WARN_DEPRECATED_OBJC_IMPLEMENTATIONS = YES;
				CLANG_WARN_DIRECT_OBJC_ISA_USAGE = YES_ERROR;
				CLANG_WARN_DOCUMENTATION_COMMENTS = YES;
				CLANG_WARN_EMPTY_BODY = YES;
				CLANG_WARN_ENUM_CONVERSION = YES;
				CLANG_WARN_INFINITE_RECURSION = YES;
				CLANG_WARN_INT_CONVERSION = YES;
				CLANG_WARN_NON_LITERAL_NULL_CONVERSION = YES;
				CLANG_WARN_OBJC_IMPLICIT_RETAIN_SELF = YES;
				CLANG_WARN_OBJC_LITERAL_CONVERSION = YES;
				CLANG_WARN_OBJC_ROOT_CLASS = YES_ERROR;
				CLANG_WARN_RANGE_LOOP_ANALYSIS = YES;
				CLANG_WARN_STRICT_PROTOTYPES = YES;
				CLANG_WARN_SUSPICIOUS_MOVE = YES;
				CLANG_WARN_UNGUARDED_AVAILABILITY = YES_AGGRESSIVE;
				CLANG_WARN_UNREACHABLE_CODE = YES;
				CLANG_WARN__DUPLICATE_METHOD_MATCH = YES;
				COPY_PHASE_STRIP = NO;
				DEBUG_INFORMATION_FORMAT = "dwarf-with-dsym";
				ENABLE_NS_ASSERTIONS = NO;
				ENABLE_STRICT_OBJC_MSGSEND = YES;
				GCC_C_LANGUAGE_STANDARD = gnu11;
				GCC_NO_COMMON_BLOCKS = YES;
				GCC_WARN_64_TO_32_BIT_CONVERSION = YES;
				GCC_WARN_ABOUT_RETURN_TYPE = YES_ERROR;
				GCC_WARN_UNDECLARED_SELECTOR = YES;
				GCC_WARN_UNINITIALIZED_AUTOS = YES_AGGRESSIVE;
				GCC_WARN_UNUSED_FUNCTION = YES;
				GCC_WARN_UNUSED_VARIABLE = YES;
				IPHONEOS_DEPLOYMENT_TARGET = 13.4;
				MTL_ENABLE_DEBUG_INFO = NO;
				MTL_FAST_MATH = YES;
				SDKROOT = iphoneos;
				SWIFT_COMPILATION_MODE = wholemodule;
				SWIFT_OPTIMIZATION_LEVEL = "-O";
				VALIDATE_PRODUCT = YES;
			};
			name = Release;
		};
		515511FC24450E0600CC30E9 /* Debug */ = {
			isa = XCBuildConfiguration;
			baseConfigurationReference = 2C87EB2887507F9CD9552EB9 /* Pods-Location.debug.xcconfig */;
			buildSettings = {
				ASSETCATALOG_COMPILER_APPICON_NAME = AppIcon;
				CODE_SIGN_STYLE = Automatic;
				DEVELOPMENT_TEAM = B9M58NNXTU;
				INFOPLIST_FILE = Location/Info.plist;
				LD_RUNPATH_SEARCH_PATHS = (
					"$(inherited)",
					"@executable_path/Frameworks",
				);
				PRODUCT_BUNDLE_IDENTIFIER = com.vibhor.Location;
				PRODUCT_NAME = "$(TARGET_NAME)";
				SWIFT_VERSION = 5.0;
				TARGETED_DEVICE_FAMILY = "1,2";
			};
			name = Debug;
		};
		515511FD24450E0600CC30E9 /* Release */ = {
			isa = XCBuildConfiguration;
			baseConfigurationReference = 684D2A7ECFE53143E238C7F3 /* Pods-Location.release.xcconfig */;
			buildSettings = {
				ASSETCATALOG_COMPILER_APPICON_NAME = AppIcon;
				CODE_SIGN_STYLE = Automatic;
				DEVELOPMENT_TEAM = B9M58NNXTU;
				INFOPLIST_FILE = Location/Info.plist;
				LD_RUNPATH_SEARCH_PATHS = (
					"$(inherited)",
					"@executable_path/Frameworks",
				);
				PRODUCT_BUNDLE_IDENTIFIER = com.vibhor.Location;
				PRODUCT_NAME = "$(TARGET_NAME)";
				SWIFT_VERSION = 5.0;
				TARGETED_DEVICE_FAMILY = "1,2";
			};
			name = Release;
		};
		515511FF24450E0600CC30E9 /* Debug */ = {
			isa = XCBuildConfiguration;
			baseConfigurationReference = 2F957568562477C38498A6A7 /* Pods-LocationTests.debug.xcconfig */;
			buildSettings = {
				ALWAYS_EMBED_SWIFT_STANDARD_LIBRARIES = YES;
				BUNDLE_LOADER = "$(TEST_HOST)";
				CODE_SIGN_STYLE = Automatic;
				DEVELOPMENT_TEAM = B9M58NNXTU;
				INFOPLIST_FILE = LocationTests/Info.plist;
				IPHONEOS_DEPLOYMENT_TARGET = 13.4;
				LD_RUNPATH_SEARCH_PATHS = (
					"$(inherited)",
					"@executable_path/Frameworks",
					"@loader_path/Frameworks",
				);
				PRODUCT_BUNDLE_IDENTIFIER = com.vibhor.LocationTests;
				PRODUCT_NAME = "$(TARGET_NAME)";
				SWIFT_VERSION = 5.0;
				TARGETED_DEVICE_FAMILY = "1,2";
				TEST_HOST = "$(BUILT_PRODUCTS_DIR)/Location.app/Location";
			};
			name = Debug;
		};
		5155120024450E0600CC30E9 /* Release */ = {
			isa = XCBuildConfiguration;
			baseConfigurationReference = 679649FD9AC71A16FEA9AD4B /* Pods-LocationTests.release.xcconfig */;
			buildSettings = {
				ALWAYS_EMBED_SWIFT_STANDARD_LIBRARIES = YES;
				BUNDLE_LOADER = "$(TEST_HOST)";
				CODE_SIGN_STYLE = Automatic;
				DEVELOPMENT_TEAM = B9M58NNXTU;
				INFOPLIST_FILE = LocationTests/Info.plist;
				IPHONEOS_DEPLOYMENT_TARGET = 13.4;
				LD_RUNPATH_SEARCH_PATHS = (
					"$(inherited)",
					"@executable_path/Frameworks",
					"@loader_path/Frameworks",
				);
				PRODUCT_BUNDLE_IDENTIFIER = com.vibhor.LocationTests;
				PRODUCT_NAME = "$(TARGET_NAME)";
				SWIFT_VERSION = 5.0;
				TARGETED_DEVICE_FAMILY = "1,2";
				TEST_HOST = "$(BUILT_PRODUCTS_DIR)/Location.app/Location";
			};
			name = Release;
		};
		5155120224450E0600CC30E9 /* Debug */ = {
			isa = XCBuildConfiguration;
			baseConfigurationReference = 1078CFACC64E86F1891B8866 /* Pods-Location-LocationUITests.debug.xcconfig */;
			buildSettings = {
				ALWAYS_EMBED_SWIFT_STANDARD_LIBRARIES = YES;
				CODE_SIGN_STYLE = Automatic;
				DEVELOPMENT_TEAM = B9M58NNXTU;
				INFOPLIST_FILE = LocationUITests/Info.plist;
				LD_RUNPATH_SEARCH_PATHS = (
					"$(inherited)",
					"@executable_path/Frameworks",
					"@loader_path/Frameworks",
				);
				PRODUCT_BUNDLE_IDENTIFIER = com.vibhor.LocationUITests;
				PRODUCT_NAME = "$(TARGET_NAME)";
				SWIFT_VERSION = 5.0;
				TARGETED_DEVICE_FAMILY = "1,2";
				TEST_TARGET_NAME = Location;
			};
			name = Debug;
		};
		5155120324450E0600CC30E9 /* Release */ = {
			isa = XCBuildConfiguration;
			baseConfigurationReference = 60F2BED7014D8B0070E76A33 /* Pods-Location-LocationUITests.release.xcconfig */;
			buildSettings = {
				ALWAYS_EMBED_SWIFT_STANDARD_LIBRARIES = YES;
				CODE_SIGN_STYLE = Automatic;
				DEVELOPMENT_TEAM = B9M58NNXTU;
				INFOPLIST_FILE = LocationUITests/Info.plist;
				LD_RUNPATH_SEARCH_PATHS = (
					"$(inherited)",
					"@executable_path/Frameworks",
					"@loader_path/Frameworks",
				);
				PRODUCT_BUNDLE_IDENTIFIER = com.vibhor.LocationUITests;
				PRODUCT_NAME = "$(TARGET_NAME)";
				SWIFT_VERSION = 5.0;
				TARGETED_DEVICE_FAMILY = "1,2";
				TEST_TARGET_NAME = Location;
			};
			name = Release;
		};
/* End XCBuildConfiguration section */

/* Begin XCConfigurationList section */
		515511CC24450E0500CC30E9 /* Build configuration list for PBXProject "Location" */ = {
			isa = XCConfigurationList;
			buildConfigurations = (
				515511F924450E0600CC30E9 /* Debug */,
				515511FA24450E0600CC30E9 /* Release */,
			);
			defaultConfigurationIsVisible = 0;
			defaultConfigurationName = Release;
		};
		515511FB24450E0600CC30E9 /* Build configuration list for PBXNativeTarget "Location" */ = {
			isa = XCConfigurationList;
			buildConfigurations = (
				515511FC24450E0600CC30E9 /* Debug */,
				515511FD24450E0600CC30E9 /* Release */,
			);
			defaultConfigurationIsVisible = 0;
			defaultConfigurationName = Release;
		};
		515511FE24450E0600CC30E9 /* Build configuration list for PBXNativeTarget "LocationTests" */ = {
			isa = XCConfigurationList;
			buildConfigurations = (
				515511FF24450E0600CC30E9 /* Debug */,
				5155120024450E0600CC30E9 /* Release */,
			);
			defaultConfigurationIsVisible = 0;
			defaultConfigurationName = Release;
		};
		5155120124450E0600CC30E9 /* Build configuration list for PBXNativeTarget "LocationUITests" */ = {
			isa = XCConfigurationList;
			buildConfigurations = (
				5155120224450E0600CC30E9 /* Debug */,
				5155120324450E0600CC30E9 /* Release */,
			);
			defaultConfigurationIsVisible = 0;
			defaultConfigurationName = Release;
		};
/* End XCConfigurationList section */
	};
	rootObject = 515511C924450E0500CC30E9 /* Project object */;
}
