// !$*UTF8*$!
{
	archiveVersion = 1;
	classes = {
	};
	objectVersion = 50;
	objects = {

/* Begin PBXBuildFile section */
		515511D524450E0500CC30E9 /* AppDelegate.swift in Sources */ = {isa = PBXBuildFile; fileRef = 515511D424450E0500CC30E9 /* AppDelegate.swift */; };
		515511D724450E0500CC30E9 /* SceneDelegate.swift in Sources */ = {isa = PBXBuildFile; fileRef = 515511D624450E0500CC30E9 /* SceneDelegate.swift */; };
		515511D924450E0500CC30E9 /* ViewController.swift in Sources */ = {isa = PBXBuildFile; fileRef = 515511D824450E0500CC30E9 /* ViewController.swift */; };
		515511DC24450E0500CC30E9 /* Main.storyboard in Resources */ = {isa = PBXBuildFile; fileRef = 515511DA24450E0500CC30E9 /* Main.storyboard */; };
		515511DE24450E0600CC30E9 /* Assets.xcassets in Resources */ = {isa = PBXBuildFile; fileRef = 515511DD24450E0600CC30E9 /* Assets.xcassets */; };
		515511E124450E0600CC30E9 /* LaunchScreen.storyboard in Resources */ = {isa = PBXBuildFile; fileRef = 515511DF24450E0600CC30E9 /* LaunchScreen.storyboard */; };
		515511EC24450E0600CC30E9 /* LocationTests.swift in Sources */ = {isa = PBXBuildFile; fileRef = 515511EB24450E0600CC30E9 /* LocationTests.swift */; };
		515511F724450E0600CC30E9 /* LocationUITests.swift in Sources */ = {isa = PBXBuildFile; fileRef = 515511F624450E0600CC30E9 /* LocationUITests.swift */; };
/* End PBXBuildFile section */

/* Begin PBXContainerItemProxy section */
		515511E824450E0600CC30E9 /* PBXContainerItemProxy */ = {
			isa = PBXContainerItemProxy;
			containerPortal = 515511C924450E0500CC30E9 /* Project object */;
			proxyType = 1;
			remoteGlobalIDString = 515511D024450E0500CC30E9;
			remoteInfo = Location;
		};
		515511F324450E0600CC30E9 /* PBXContainerItemProxy */ = {
			isa = PBXContainerItemProxy;
			containerPortal = 515511C924450E0500CC30E9 /* Project object */;
			proxyType = 1;
			remoteGlobalIDString = 515511D024450E0500CC30E9;
			remoteInfo = Location;
		};
/* End PBXContainerItemProxy section */

/* Begin PBXFileReference section */
		515511D124450E0500CC30E9 /* Location.app */ = {isa = PBXFileReference; explicitFileType = wrapper.application; includeInIndex = 0; path = Location.app; sourceTree = BUILT_PRODUCTS_DIR; };
		515511D424450E0500CC30E9 /* AppDelegate.swift */ = {isa = PBXFileReference; lastKnownFileType = sourcecode.swift; path = AppDelegate.swift; sourceTree = "<group>"; };
		515511D624450E0500CC30E9 /* SceneDelegate.swift */ = {isa = PBXFileReference; lastKnownFileType = sourcecode.swift; path = SceneDelegate.swift; sourceTree = "<group>"; };
		515511D824450E0500CC30E9 /* ViewController.swift */ = {isa = PBXFileReference; lastKnownFileType = sourcecode.swift; path = ViewController.swift; sourceTree = "<group>"; };
		515511DB24450E0500CC30E9 /* Base */ = {isa = PBXFileReference; lastKnownFileType = file.storyboard; name = Base; path = Base.lproj/Main.storyboard; sourceTree = "<group>"; };
		515511DD24450E0600CC30E9 /* Assets.xcassets */ = {isa = PBXFileReference; lastKnownFileType = folder.assetcatalog; path = Assets.xcassets; sourceTree = "<group>"; };
		515511E024450E0600CC30E9 /* Base */ = {isa = PBXFileReference; lastKnownFileType = file.storyboard; name = Base; path = Base.lproj/LaunchScreen.storyboard; sourceTree = "<group>"; };
		515511E224450E0600CC30E9 /* Info.plist */ = {isa = PBXFileReference; lastKnownFileType = text.plist.xml; path = Info.plist; sourceTree = "<group>"; };
		515511E724450E0600CC30E9 /* LocationTests.xctest */ = {isa = PBXFileReference; explicitFileType = wrapper.cfbundle; includeInIndex = 0; path = LocationTests.xctest; sourceTree = BUILT_PRODUCTS_DIR; };
		515511EB24450E0600CC30E9 /* LocationTests.swift */ = {isa = PBXFileReference; lastKnownFileType = sourcecode.swift; path = LocationTests.swift; sourceTree = "<group>"; };
		515511ED24450E0600CC30E9 /* Info.plist */ = {isa = PBXFileReference; lastKnownFileType = text.plist.xml; path = Info.plist; sourceTree = "<group>"; };
		515511F224450E0600CC30E9 /* LocationUITests.xctest */ = {isa = PBXFileReference; explicitFileType = wrapper.cfbundle; includeInIndex = 0; path = LocationUITests.xctest; sourceTree = BUILT_PRODUCTS_DIR; };
		515511F624450E0600CC30E9 /* LocationUITests.swift */ = {isa = PBXFileReference; lastKnownFileType = sourcecode.swift; path = LocationUITests.swift; sourceTree = "<group>"; };
		515511F824450E0600CC30E9 /* Info.plist */ = {isa = PBXFileReference; lastKnownFileType = text.plist.xml; path = Info.plist; sourceTree = "<group>"; };
/* End PBXFileReference section */

/* Begin PBXFrameworksBuildPhase section */
		515511CE24450E0500CC30E9 /* Frameworks */ = {
			isa = PBXFrameworksBuildPhase;
			buildActionMask = 2147483647;
			files = (
			);
			runOnlyForDeploymentPostprocessing = 0;
		};
		515511E424450E0600CC30E9 /* Frameworks */ = {
			isa = PBXFrameworksBuildPhase;
			buildActionMask = 2147483647;
			files = (
			);
			runOnlyForDeploymentPostprocessing = 0;
		};
		515511EF24450E0600CC30E9 /* Frameworks */ = {
			isa = PBXFrameworksBuildPhase;
			buildActionMask = 2147483647;
			files = (
			);
			runOnlyForDeploymentPostprocessing = 0;
		};
/* End PBXFrameworksBuildPhase section */

/* Begin PBXGroup section */
		515511C824450E0500CC30E9 = {
			isa = PBXGroup;
			children = (
				515511D324450E0500CC30E9 /* Location */,
				515511EA24450E0600CC30E9 /* LocationTests */,
				515511F524450E0600CC30E9 /* LocationUITests */,
				515511D224450E0500CC30E9 /* Products */,
			);
			sourceTree = "<group>";
		};
		515511D224450E0500CC30E9 /* Products */ = {
			isa = PBXGroup;
			children = (
				515511D124450E0500CC30E9 /* Location.app */,
				515511E724450E0600CC30E9 /* LocationTests.xctest */,
				515511F224450E0600CC30E9 /* LocationUITests.xctest */,
			);
			name = Products;
			sourceTree = "<group>";
		};
		515511D324450E0500CC30E9 /* Location */ = {
			isa = PBXGroup;
			children = (
				515511D424450E0500CC30E9 /* AppDelegate.swift */,
				515511D624450E0500CC30E9 /* SceneDelegate.swift */,
				515511D824450E0500CC30E9 /* ViewController.swift */,
				515511DA24450E0500CC30E9 /* Main.storyboard */,
				515511DD24450E0600CC30E9 /* Assets.xcassets */,
				515511DF24450E0600CC30E9 /* LaunchScreen.storyboard */,
				515511E224450E0600CC30E9 /* Info.plist */,
			);
			path = Location;
			sourceTree = "<group>";
		};
		515511EA24450E0600CC30E9 /* LocationTests */ = {
			isa = PBXGroup;
			children = (
				515511EB24450E0600CC30E9 /* LocationTests.swift */,
				515511ED24450E0600CC30E9 /* Info.plist */,
			);
			path = LocationTests;
			sourceTree = "<group>";
		};
		515511F524450E0600CC30E9 /* LocationUITests */ = {
			isa = PBXGroup;
			children = (
				515511F624450E0600CC30E9 /* LocationUITests.swift */,
				515511F824450E0600CC30E9 /* Info.plist */,
			);
			path = LocationUITests;
			sourceTree = "<group>";
		};
/* End PBXGroup section */

/* Begin PBXNativeTarget section */
		515511D024450E0500CC30E9 /* Location */ = {
			isa = PBXNativeTarget;
			buildConfigurationList = 515511FB24450E0600CC30E9 /* Build configuration list for PBXNativeTarget "Location" */;
			buildPhases = (
				515511CD24450E0500CC30E9 /* Sources */,
				515511CE24450E0500CC30E9 /* Frameworks */,
				515511CF24450E0500CC30E9 /* Resources */,
			);
			buildRules = (
			);
			dependencies = (
			);
			name = Location;
			productName = Location;
			productReference = 515511D124450E0500CC30E9 /* Location.app */;
			productType = "com.apple.product-type.application";
		};
		515511E624450E0600CC30E9 /* LocationTests */ = {
			isa = PBXNativeTarget;
			buildConfigurationList = 515511FE24450E0600CC30E9 /* Build configuration list for PBXNativeTarget "LocationTests" */;
			buildPhases = (
				515511E324450E0600CC30E9 /* Sources */,
				515511E424450E0600CC30E9 /* Frameworks */,
				515511E524450E0600CC30E9 /* Resources */,
			);
			buildRules = (
			);
			dependencies = (
				515511E924450E0600CC30E9 /* PBXTargetDependency */,
			);
			name = LocationTests;
			productName = LocationTests;
			productReference = 515511E724450E0600CC30E9 /* LocationTests.xctest */;
			productType = "com.apple.product-type.bundle.unit-test";
		};
		515511F124450E0600CC30E9 /* LocationUITests */ = {
			isa = PBXNativeTarget;
			buildConfigurationList = 5155120124450E0600CC30E9 /* Build configuration list for PBXNativeTarget "LocationUITests" */;
			buildPhases = (
				515511EE24450E0600CC30E9 /* Sources */,
				515511EF24450E0600CC30E9 /* Frameworks */,
				515511F024450E0600CC30E9 /* Resources */,
			);
			buildRules = (
			);
			dependencies = (
				515511F424450E0600CC30E9 /* PBXTargetDependency */,
			);
			name = LocationUITests;
			productName = LocationUITests;
			productReference = 515511F224450E0600CC30E9 /* LocationUITests.xctest */;
			productType = "com.apple.product-type.bundle.ui-testing";
		};
/* End PBXNativeTarget section */

/* Begin PBXProject section */
		515511C924450E0500CC30E9 /* Project object */ = {
			isa = PBXProject;
			attributes = {
				LastSwiftUpdateCheck = 1140;
				LastUpgradeCheck = 1140;
				ORGANIZATIONNAME = "Vibhor Chaudhary";
				TargetAttributes = {
					515511D024450E0500CC30E9 = {
						CreatedOnToolsVersion = 11.4;
					};
					515511E624450E0600CC30E9 = {
						CreatedOnToolsVersion = 11.4;
						TestTargetID = 515511D024450E0500CC30E9;
					};
					515511F124450E0600CC30E9 = {
						CreatedOnToolsVersion = 11.4;
						TestTargetID = 515511D024450E0500CC30E9;
					};
				};
			};
			buildConfigurationList = 515511CC24450E0500CC30E9 /* Build configuration list for PBXProject "Location" */;
			compatibilityVersion = "Xcode 9.3";
			developmentRegion = en;
			hasScannedForEncodings = 0;
			knownRegions = (
				en,
				Base,
			);
			mainGroup = 515511C824450E0500CC30E9;
			productRefGroup = 515511D224450E0500CC30E9 /* Products */;
			projectDirPath = "";
			projectRoot = "";
			targets = (
				515511D024450E0500CC30E9 /* Location */,
				515511E624450E0600CC30E9 /* LocationTests */,
				515511F124450E0600CC30E9 /* LocationUITests */,
			);
		};
/* End PBXProject section */

/* Begin PBXResourcesBuildPhase section */
		515511CF24450E0500CC30E9 /* Resources */ = {
			isa = PBXResourcesBuildPhase;
			buildActionMask = 2147483647;
			files = (
				515511E124450E0600CC30E9 /* LaunchScreen.storyboard in Resources */,
				515511DE24450E0600CC30E9 /* Assets.xcassets in Resources */,
				515511DC24450E0500CC30E9 /* Main.storyboard in Resources */,
			);
			runOnlyForDeploymentPostprocessing = 0;
		};
		515511E524450E0600CC30E9 /* Resources */ = {
			isa = PBXResourcesBuildPhase;
			buildActionMask = 2147483647;
			files = (
			);
			runOnlyForDeploymentPostprocessing = 0;
		};
		515511F024450E0600CC30E9 /* Resources */ = {
			isa = PBXResourcesBuildPhase;
			buildActionMask = 2147483647;
			files = (
			);
			runOnlyForDeploymentPostprocessing = 0;
		};
/* End PBXResourcesBuildPhase section */

/* Begin PBXSourcesBuildPhase section */
		515511CD24450E0500CC30E9 /* Sources */ = {
			isa = PBXSourcesBuildPhase;
			buildActionMask = 2147483647;
			files = (
				515511D924450E0500CC30E9 /* ViewController.swift in Sources */,
				515511D524450E0500CC30E9 /* AppDelegate.swift in Sources */,
				515511D724450E0500CC30E9 /* SceneDelegate.swift in Sources */,
			);
			runOnlyForDeploymentPostprocessing = 0;
		};
		515511E324450E0600CC30E9 /* Sources */ = {
			isa = PBXSourcesBuildPhase;
			buildActionMask = 2147483647;
			files = (
				515511EC24450E0600CC30E9 /* LocationTests.swift in Sources */,
			);
			runOnlyForDeploymentPostprocessing = 0;
		};
		515511EE24450E0600CC30E9 /* Sources */ = {
			isa = PBXSourcesBuildPhase;
			buildActionMask = 2147483647;
			files = (
				515511F724450E0600CC30E9 /* LocationUITests.swift in Sources */,
			);
			runOnlyForDeploymentPostprocessing = 0;
		};
/* End PBXSourcesBuildPhase section */

/* Begin PBXTargetDependency section */
		515511E924450E0600CC30E9 /* PBXTargetDependency */ = {
			isa = PBXTargetDependency;
			target = 515511D024450E0500CC30E9 /* Location */;
			targetProxy = 515511E824450E0600CC30E9 /* PBXContainerItemProxy */;
		};
		515511F424450E0600CC30E9 /* PBXTargetDependency */ = {
			isa = PBXTargetDependency;
			target = 515511D024450E0500CC30E9 /* Location */;
			targetProxy = 515511F324450E0600CC30E9 /* PBXContainerItemProxy */;
		};
/* End PBXTargetDependency section */

/* Begin PBXVariantGroup section */
		515511DA24450E0500CC30E9 /* Main.storyboard */ = {
			isa = PBXVariantGroup;
			children = (
				515511DB24450E0500CC30E9 /* Base */,
			);
			name = Main.storyboard;
			sourceTree = "<group>";
		};
		515511DF24450E0600CC30E9 /* LaunchScreen.storyboard */ = {
			isa = PBXVariantGroup;
			children = (
				515511E024450E0600CC30E9 /* Base */,
			);
			name = LaunchScreen.storyboard;
			sourceTree = "<group>";
		};
/* End PBXVariantGroup section */

/* Begin XCBuildConfiguration section */
		515511F924450E0600CC30E9 /* Debug */ = {
			isa = XCBuildConfiguration;
			buildSettings = {
				ALWAYS_SEARCH_USER_PATHS = NO;
				CLANG_ANALYZER_NONNULL = YES;
				CLANG_ANALYZER_NUMBER_OBJECT_CONVERSION = YES_AGGRESSIVE;
				CLANG_CXX_LANGUAGE_STANDARD = "gnu++14";
				CLANG_CXX_LIBRARY = "libc++";
				CLANG_ENABLE_MODULES = YES;
				CLANG_ENABLE_OBJC_ARC = YES;
				CLANG_ENABLE_OBJC_WEAK = YES;
				CLANG_WARN_BLOCK_CAPTURE_AUTORELEASING = YES;
				CLANG_WARN_BOOL_CONVERSION = YES;
				CLANG_WARN_COMMA = YES;
				CLANG_WARN_CONSTANT_CONVERSION = YES;
				CLANG_WARN_DEPRECATED_OBJC_IMPLEMENTATIONS = YES;
				CLANG_WARN_DIRECT_OBJC_ISA_USAGE = YES_ERROR;
				CLANG_WARN_DOCUMENTATION_COMMENTS = YES;
				CLANG_WARN_EMPTY_BODY = YES;
				CLANG_WARN_ENUM_CONVERSION = YES;
				CLANG_WARN_INFINITE_RECURSION = YES;
				CLANG_WARN_INT_CONVERSION = YES;
				CLANG_WARN_NON_LITERAL_NULL_CONVERSION = YES;
				CLANG_WARN_OBJC_IMPLICIT_RETAIN_SELF = YES;
				CLANG_WARN_OBJC_LITERAL_CONVERSION = YES;
				CLANG_WARN_OBJC_ROOT_CLASS = YES_ERROR;
				CLANG_WARN_RANGE_LOOP_ANALYSIS = YES;
				CLANG_WARN_STRICT_PROTOTYPES = YES;
				CLANG_WARN_SUSPICIOUS_MOVE = YES;
				CLANG_WARN_UNGUARDED_AVAILABILITY = YES_AGGRESSIVE;
				CLANG_WARN_UNREACHABLE_CODE = YES;
				CLANG_WARN__DUPLICATE_METHOD_MATCH = YES;
				COPY_PHASE_STRIP = NO;
				DEBUG_INFORMATION_FORMAT = dwarf;
				ENABLE_STRICT_OBJC_MSGSEND = YES;
				ENABLE_TESTABILITY = YES;
				GCC_C_LANGUAGE_STANDARD = gnu11;
				GCC_DYNAMIC_NO_PIC = NO;
				GCC_NO_COMMON_BLOCKS = YES;
				GCC_OPTIMIZATION_LEVEL = 0;
				GCC_PREPROCESSOR_DEFINITIONS = (
					"DEBUG=1",
					"$(inherited)",
				);
				GCC_WARN_64_TO_32_BIT_CONVERSION = YES;
				GCC_WARN_ABOUT_RETURN_TYPE = YES_ERROR;
				GCC_WARN_UNDECLARED_SELECTOR = YES;
				GCC_WARN_UNINITIALIZED_AUTOS = YES_AGGRESSIVE;
				GCC_WARN_UNUSED_FUNCTION = YES;
				GCC_WARN_UNUSED_VARIABLE = YES;
				IPHONEOS_DEPLOYMENT_TARGET = 13.4;
				MTL_ENABLE_DEBUG_INFO = INCLUDE_SOURCE;
				MTL_FAST_MATH = YES;
				ONLY_ACTIVE_ARCH = YES;
				SDKROOT = iphoneos;
				SWIFT_ACTIVE_COMPILATION_CONDITIONS = DEBUG;
				SWIFT_OPTIMIZATION_LEVEL = "-Onone";
			};
			name = Debug;
		};
		515511FA24450E0600CC30E9 /* Release */ = {
			isa = XCBuildConfiguration;
			buildSettings = {
				ALWAYS_SEARCH_USER_PATHS = NO;
				CLANG_ANALYZER_NONNULL = YES;
				CLANG_ANALYZER_NUMBER_OBJECT_CONVERSION = YES_AGGRESSIVE;
				CLANG_CXX_LANGUAGE_STANDARD = "gnu++14";
				CLANG_CXX_LIBRARY = "libc++";
				CLANG_ENABLE_MODULES = YES;
				CLANG_ENABLE_OBJC_ARC = YES;
				CLANG_ENABLE_OBJC_WEAK = YES;
				CLANG_WARN_BLOCK_CAPTURE_AUTORELEASING = YES;
				CLANG_WARN_BOOL_CONVERSION = YES;
				CLANG_WARN_COMMA = YES;
				CLANG_WARN_CONSTANT_CONVERSION = YES;
				CLANG_WARN_DEPRECATED_OBJC_IMPLEMENTATIONS = YES;
				CLANG_WARN_DIRECT_OBJC_ISA_USAGE = YES_ERROR;
				CLANG_WARN_DOCUMENTATION_COMMENTS = YES;
				CLANG_WARN_EMPTY_BODY = YES;
				CLANG_WARN_ENUM_CONVERSION = YES;
				CLANG_WARN_INFINITE_RECURSION = YES;
				CLANG_WARN_INT_CONVERSION = YES;
				CLANG_WARN_NON_LITERAL_NULL_CONVERSION = YES;
				CLANG_WARN_OBJC_IMPLICIT_RETAIN_SELF = YES;
				CLANG_WARN_OBJC_LITERAL_CONVERSION = YES;
				CLANG_WARN_OBJC_ROOT_CLASS = YES_ERROR;
				CLANG_WARN_RANGE_LOOP_ANALYSIS = YES;
				CLANG_WARN_STRICT_PROTOTYPES = YES;
				CLANG_WARN_SUSPICIOUS_MOVE = YES;
				CLANG_WARN_UNGUARDED_AVAILABILITY = YES_AGGRESSIVE;
				CLANG_WARN_UNREACHABLE_CODE = YES;
				CLANG_WARN__DUPLICATE_METHOD_MATCH = YES;
				COPY_PHASE_STRIP = NO;
				DEBUG_INFORMATION_FORMAT = "dwarf-with-dsym";
				ENABLE_NS_ASSERTIONS = NO;
				ENABLE_STRICT_OBJC_MSGSEND = YES;
				GCC_C_LANGUAGE_STANDARD = gnu11;
				GCC_NO_COMMON_BLOCKS = YES;
				GCC_WARN_64_TO_32_BIT_CONVERSION = YES;
				GCC_WARN_ABOUT_RETURN_TYPE = YES_ERROR;
				GCC_WARN_UNDECLARED_SELECTOR = YES;
				GCC_WARN_UNINITIALIZED_AUTOS = YES_AGGRESSIVE;
				GCC_WARN_UNUSED_FUNCTION = YES;
				GCC_WARN_UNUSED_VARIABLE = YES;
				IPHONEOS_DEPLOYMENT_TARGET = 13.4;
				MTL_ENABLE_DEBUG_INFO = NO;
				MTL_FAST_MATH = YES;
				SDKROOT = iphoneos;
				SWIFT_COMPILATION_MODE = wholemodule;
				SWIFT_OPTIMIZATION_LEVEL = "-O";
				VALIDATE_PRODUCT = YES;
			};
			name = Release;
		};
		515511FC24450E0600CC30E9 /* Debug */ = {
			isa = XCBuildConfiguration;
			buildSettings = {
				ASSETCATALOG_COMPILER_APPICON_NAME = AppIcon;
				CODE_SIGN_STYLE = Automatic;
				DEVELOPMENT_TEAM = B9M58NNXTU;
				INFOPLIST_FILE = Location/Info.plist;
				LD_RUNPATH_SEARCH_PATHS = (
					"$(inherited)",
					"@executable_path/Frameworks",
				);
				PRODUCT_BUNDLE_IDENTIFIER = com.vibhor.Location;
				PRODUCT_NAME = "$(TARGET_NAME)";
				SWIFT_VERSION = 5.0;
				TARGETED_DEVICE_FAMILY = "1,2";
			};
			name = Debug;
		};
		515511FD24450E0600CC30E9 /* Release */ = {
			isa = XCBuildConfiguration;
			buildSettings = {
				ASSETCATALOG_COMPILER_APPICON_NAME = AppIcon;
				CODE_SIGN_STYLE = Automatic;
				DEVELOPMENT_TEAM = B9M58NNXTU;
				INFOPLIST_FILE = Location/Info.plist;
				LD_RUNPATH_SEARCH_PATHS = (
					"$(inherited)",
					"@executable_path/Frameworks",
				);
				PRODUCT_BUNDLE_IDENTIFIER = com.vibhor.Location;
				PRODUCT_NAME = "$(TARGET_NAME)";
				SWIFT_VERSION = 5.0;
				TARGETED_DEVICE_FAMILY = "1,2";
			};
			name = Release;
		};
		515511FF24450E0600CC30E9 /* Debug */ = {
			isa = XCBuildConfiguration;
			buildSettings = {
				ALWAYS_EMBED_SWIFT_STANDARD_LIBRARIES = YES;
				BUNDLE_LOADER = "$(TEST_HOST)";
				CODE_SIGN_STYLE = Automatic;
				DEVELOPMENT_TEAM = B9M58NNXTU;
				INFOPLIST_FILE = LocationTests/Info.plist;
				IPHONEOS_DEPLOYMENT_TARGET = 13.4;
				LD_RUNPATH_SEARCH_PATHS = (
					"$(inherited)",
					"@executable_path/Frameworks",
					"@loader_path/Frameworks",
				);
				PRODUCT_BUNDLE_IDENTIFIER = com.vibhor.LocationTests;
				PRODUCT_NAME = "$(TARGET_NAME)";
				SWIFT_VERSION = 5.0;
				TARGETED_DEVICE_FAMILY = "1,2";
				TEST_HOST = "$(BUILT_PRODUCTS_DIR)/Location.app/Location";
			};
			name = Debug;
		};
		5155120024450E0600CC30E9 /* Release */ = {
			isa = XCBuildConfiguration;
			buildSettings = {
				ALWAYS_EMBED_SWIFT_STANDARD_LIBRARIES = YES;
				BUNDLE_LOADER = "$(TEST_HOST)";
				CODE_SIGN_STYLE = Automatic;
				DEVELOPMENT_TEAM = B9M58NNXTU;
				INFOPLIST_FILE = LocationTests/Info.plist;
				IPHONEOS_DEPLOYMENT_TARGET = 13.4;
				LD_RUNPATH_SEARCH_PATHS = (
					"$(inherited)",
					"@executable_path/Frameworks",
					"@loader_path/Frameworks",
				);
				PRODUCT_BUNDLE_IDENTIFIER = com.vibhor.LocationTests;
				PRODUCT_NAME = "$(TARGET_NAME)";
				SWIFT_VERSION = 5.0;
				TARGETED_DEVICE_FAMILY = "1,2";
				TEST_HOST = "$(BUILT_PRODUCTS_DIR)/Location.app/Location";
			};
			name = Release;
		};
		5155120224450E0600CC30E9 /* Debug */ = {
			isa = XCBuildConfiguration;
			buildSettings = {
				ALWAYS_EMBED_SWIFT_STANDARD_LIBRARIES = YES;
				CODE_SIGN_STYLE = Automatic;
				DEVELOPMENT_TEAM = B9M58NNXTU;
				INFOPLIST_FILE = LocationUITests/Info.plist;
				LD_RUNPATH_SEARCH_PATHS = (
					"$(inherited)",
					"@executable_path/Frameworks",
					"@loader_path/Frameworks",
				);
				PRODUCT_BUNDLE_IDENTIFIER = com.vibhor.LocationUITests;
				PRODUCT_NAME = "$(TARGET_NAME)";
				SWIFT_VERSION = 5.0;
				TARGETED_DEVICE_FAMILY = "1,2";
				TEST_TARGET_NAME = Location;
			};
			name = Debug;
		};
		5155120324450E0600CC30E9 /* Release */ = {
			isa = XCBuildConfiguration;
			buildSettings = {
				ALWAYS_EMBED_SWIFT_STANDARD_LIBRARIES = YES;
				CODE_SIGN_STYLE = Automatic;
				DEVELOPMENT_TEAM = B9M58NNXTU;
				INFOPLIST_FILE = LocationUITests/Info.plist;
				LD_RUNPATH_SEARCH_PATHS = (
					"$(inherited)",
					"@executable_path/Frameworks",
					"@loader_path/Frameworks",
				);
				PRODUCT_BUNDLE_IDENTIFIER = com.vibhor.LocationUITests;
				PRODUCT_NAME = "$(TARGET_NAME)";
				SWIFT_VERSION = 5.0;
				TARGETED_DEVICE_FAMILY = "1,2";
				TEST_TARGET_NAME = Location;
			};
			name = Release;
		};
/* End XCBuildConfiguration section */

/* Begin XCConfigurationList section */
		515511CC24450E0500CC30E9 /* Build configuration list for PBXProject "Location" */ = {
			isa = XCConfigurationList;
			buildConfigurations = (
				515511F924450E0600CC30E9 /* Debug */,
				515511FA24450E0600CC30E9 /* Release */,
			);
			defaultConfigurationIsVisible = 0;
			defaultConfigurationName = Release;
		};
		515511FB24450E0600CC30E9 /* Build configuration list for PBXNativeTarget "Location" */ = {
			isa = XCConfigurationList;
			buildConfigurations = (
				515511FC24450E0600CC30E9 /* Debug */,
				515511FD24450E0600CC30E9 /* Release */,
			);
			defaultConfigurationIsVisible = 0;
			defaultConfigurationName = Release;
		};
		515511FE24450E0600CC30E9 /* Build configuration list for PBXNativeTarget "LocationTests" */ = {
			isa = XCConfigurationList;
			buildConfigurations = (
				515511FF24450E0600CC30E9 /* Debug */,
				5155120024450E0600CC30E9 /* Release */,
			);
			defaultConfigurationIsVisible = 0;
			defaultConfigurationName = Release;
		};
		5155120124450E0600CC30E9 /* Build configuration list for PBXNativeTarget "LocationUITests" */ = {
			isa = XCConfigurationList;
			buildConfigurations = (
				5155120224450E0600CC30E9 /* Debug */,
				5155120324450E0600CC30E9 /* Release */,
			);
			defaultConfigurationIsVisible = 0;
			defaultConfigurationName = Release;
		};
/* End XCConfigurationList section */
	};
	rootObject = 515511C924450E0500CC30E9 /* Project object */;
}
